
Microsoft Visual Studio Solution File, Format Version 12.00
# Visual Studio Version 16
VisualStudioVersion = 16.0.28803.156
MinimumVisualStudioVersion = 10.0.40219.1
Project("{FAE04EC0-301F-11D3-BF4B-00C04F79EFBC}") = "CSharp8Playground", "CSharp8Playground\CSharp8Playground.csproj", "{08FC64F3-4F3D-4023-B3EC-F3E666AC2BB5}"
EndProject
Global
	GlobalSection(SolutionConfigurationPlatforms) = preSolution
		Debug|Any CPU = Debug|Any CPU
		Release|Any CPU = Release|Any CPU
	EndGlobalSection
	GlobalSection(ProjectConfigurationPlatforms) = postSolution
		{08FC64F3-4F3D-4023-B3EC-F3E666AC2BB5}.Debug|Any CPU.ActiveCfg = Debug|Any CPU
		{08FC64F3-4F3D-4023-B3EC-F3E666AC2BB5}.Debug|Any CPU.Build.0 = Debug|Any CPU
		{08FC64F3-4F3D-4023-B3EC-F3E666AC2BB5}.Release|Any CPU.ActiveCfg = Release|Any CPU
		{08FC64F3-4F3D-4023-B3EC-F3E666AC2BB5}.Release|Any CPU.Build.0 = Release|Any CPU
	EndGlobalSection
	GlobalSection(SolutionProperties) = preSolution
		HideSolutionNode = FALSE
	EndGlobalSection
	GlobalSection(ExtensibilityGlobals) = postSolution
		SolutionGuid = {A0C1F76F-8146-48EF-B045-896CA7FA6871}
	EndGlobalSection
EndGlobal
